
Microsoft Visual Studio Solution File, Format Version 12.00
# Visual Studio Version 17
VisualStudioVersion = 17.6.33723.286
MinimumVisualStudioVersion = 10.0.40219.1
Project("{9A19103F-16F7-4668-BE54-9A1E7A4F7556}") = "ManagementTool", "ManagementTool\ManagementTool.csproj", "{5A2ED666-E9D7-4167-97DB-F291AEB77F33}"
EndProject
Project("{9A19103F-16F7-4668-BE54-9A1E7A4F7556}") = "NUnitTests", "NUnitTests\NUnitTests.csproj", "{0CF69F4F-7446-4143-8D6F-DDFB05A31E1E}"
EndProject
Project("{FAE04EC0-301F-11D3-BF4B-00C04F79EFBC}") = "ConsoleApp", "ConsoleApp\ConsoleApp.csproj", "{1F832D08-BB7E-4AA4-B1B8-07FAAA2CE898}"
EndProject
Global
	GlobalSection(SolutionConfigurationPlatforms) = preSolution
		Debug|Any CPU = Debug|Any CPU
		Release|Any CPU = Release|Any CPU
	EndGlobalSection
	GlobalSection(ProjectConfigurationPlatforms) = postSolution
		{5A2ED666-E9D7-4167-97DB-F291AEB77F33}.Debug|Any CPU.ActiveCfg = Debug|Any CPU
		{5A2ED666-E9D7-4167-97DB-F291AEB77F33}.Debug|Any CPU.Build.0 = Debug|Any CPU
		{5A2ED666-E9D7-4167-97DB-F291AEB77F33}.Release|Any CPU.ActiveCfg = Release|Any CPU
		{5A2ED666-E9D7-4167-97DB-F291AEB77F33}.Release|Any CPU.Build.0 = Release|Any CPU
		{0CF69F4F-7446-4143-8D6F-DDFB05A31E1E}.Debug|Any CPU.ActiveCfg = Debug|Any CPU
		{0CF69F4F-7446-4143-8D6F-DDFB05A31E1E}.Debug|Any CPU.Build.0 = Debug|Any CPU
		{0CF69F4F-7446-4143-8D6F-DDFB05A31E1E}.Release|Any CPU.ActiveCfg = Release|Any CPU
		{0CF69F4F-7446-4143-8D6F-DDFB05A31E1E}.Release|Any CPU.Build.0 = Release|Any CPU
		{1F832D08-BB7E-4AA4-B1B8-07FAAA2CE898}.Debug|Any CPU.ActiveCfg = Debug|Any CPU
		{1F832D08-BB7E-4AA4-B1B8-07FAAA2CE898}.Debug|Any CPU.Build.0 = Debug|Any CPU
		{1F832D08-BB7E-4AA4-B1B8-07FAAA2CE898}.Release|Any CPU.ActiveCfg = Release|Any CPU
		{1F832D08-BB7E-4AA4-B1B8-07FAAA2CE898}.Release|Any CPU.Build.0 = Release|Any CPU
	EndGlobalSection
	GlobalSection(SolutionProperties) = preSolution
		HideSolutionNode = FALSE
	EndGlobalSection
	GlobalSection(ExtensibilityGlobals) = postSolution
		SolutionGuid = {A7B0D760-156B-43AF-BF73-1933C3D942AD}
	EndGlobalSection
EndGlobal
